// !$*UTF8*$!
{
	archiveVersion = 1;
	classes = {
	};
	objectVersion = 55;
	objects = {

/* Begin PBXBuildFile section */
		0590BC2927A1D7A50067EFED /* AppDelegate.swift in Sources */ = {isa = PBXBuildFile; fileRef = 0590BC2827A1D7A50067EFED /* AppDelegate.swift */; };
		0590BC2B27A1D7A50067EFED /* SceneDelegate.swift in Sources */ = {isa = PBXBuildFile; fileRef = 0590BC2A27A1D7A50067EFED /* SceneDelegate.swift */; };
		0590BC2D27A1D7A50067EFED /* ViewController.swift in Sources */ = {isa = PBXBuildFile; fileRef = 0590BC2C27A1D7A50067EFED /* ViewController.swift */; };
		0590BC3027A1D7A50067EFED /* Main.storyboard in Resources */ = {isa = PBXBuildFile; fileRef = 0590BC2E27A1D7A50067EFED /* Main.storyboard */; };
		0590BC3227A1D7A70067EFED /* Assets.xcassets in Resources */ = {isa = PBXBuildFile; fileRef = 0590BC3127A1D7A70067EFED /* Assets.xcassets */; };
		0590BC3527A1D7A70067EFED /* LaunchScreen.storyboard in Resources */ = {isa = PBXBuildFile; fileRef = 0590BC3327A1D7A70067EFED /* LaunchScreen.storyboard */; };
		0590BC4027A1D7A80067EFED /* PreworkTests.swift in Sources */ = {isa = PBXBuildFile; fileRef = 0590BC3F27A1D7A80067EFED /* PreworkTests.swift */; };
		0590BC4A27A1D7A80067EFED /* PreworkUITests.swift in Sources */ = {isa = PBXBuildFile; fileRef = 0590BC4927A1D7A80067EFED /* PreworkUITests.swift */; };
		0590BC4C27A1D7A80067EFED /* PreworkUITestsLaunchTests.swift in Sources */ = {isa = PBXBuildFile; fileRef = 0590BC4B27A1D7A80067EFED /* PreworkUITestsLaunchTests.swift */; };
/* End PBXBuildFile section */

/* Begin PBXContainerItemProxy section */
		0590BC3C27A1D7A80067EFED /* PBXContainerItemProxy */ = {
			isa = PBXContainerItemProxy;
			containerPortal = 0590BC1D27A1D7A50067EFED /* Project object */;
			proxyType = 1;
			remoteGlobalIDString = 0590BC2427A1D7A50067EFED;
			remoteInfo = Prework;
		};
		0590BC4627A1D7A80067EFED /* PBXContainerItemProxy */ = {
			isa = PBXContainerItemProxy;
			containerPortal = 0590BC1D27A1D7A50067EFED /* Project object */;
			proxyType = 1;
			remoteGlobalIDString = 0590BC2427A1D7A50067EFED;
			remoteInfo = Prework;
		};
/* End PBXContainerItemProxy section */

/* Begin PBXFileReference section */
		0590BC2527A1D7A50067EFED /* Prework.app */ = {isa = PBXFileReference; explicitFileType = wrapper.application; includeInIndex = 0; path = Prework.app; sourceTree = BUILT_PRODUCTS_DIR; };
		0590BC2827A1D7A50067EFED /* AppDelegate.swift */ = {isa = PBXFileReference; lastKnownFileType = sourcecode.swift; path = AppDelegate.swift; sourceTree = "<group>"; };
		0590BC2A27A1D7A50067EFED /* SceneDelegate.swift */ = {isa = PBXFileReference; lastKnownFileType = sourcecode.swift; path = SceneDelegate.swift; sourceTree = "<group>"; };
		0590BC2C27A1D7A50067EFED /* ViewController.swift */ = {isa = PBXFileReference; lastKnownFileType = sourcecode.swift; path = ViewController.swift; sourceTree = "<group>"; };
		0590BC2F27A1D7A50067EFED /* Base */ = {isa = PBXFileReference; lastKnownFileType = file.storyboard; name = Base; path = Base.lproj/Main.storyboard; sourceTree = "<group>"; };
		0590BC3127A1D7A70067EFED /* Assets.xcassets */ = {isa = PBXFileReference; lastKnownFileType = folder.assetcatalog; path = Assets.xcassets; sourceTree = "<group>"; };
		0590BC3427A1D7A70067EFED /* Base */ = {isa = PBXFileReference; lastKnownFileType = file.storyboard; name = Base; path = Base.lproj/LaunchScreen.storyboard; sourceTree = "<group>"; };
		0590BC3627A1D7A70067EFED /* Info.plist */ = {isa = PBXFileReference; lastKnownFileType = text.plist.xml; path = Info.plist; sourceTree = "<group>"; };
		0590BC3B27A1D7A80067EFED /* PreworkTests.xctest */ = {isa = PBXFileReference; explicitFileType = wrapper.cfbundle; includeInIndex = 0; path = PreworkTests.xctest; sourceTree = BUILT_PRODUCTS_DIR; };
		0590BC3F27A1D7A80067EFED /* PreworkTests.swift */ = {isa = PBXFileReference; lastKnownFileType = sourcecode.swift; path = PreworkTests.swift; sourceTree = "<group>"; };
		0590BC4527A1D7A80067EFED /* PreworkUITests.xctest */ = {isa = PBXFileReference; explicitFileType = wrapper.cfbundle; includeInIndex = 0; path = PreworkUITests.xctest; sourceTree = BUILT_PRODUCTS_DIR; };
		0590BC4927A1D7A80067EFED /* PreworkUITests.swift */ = {isa = PBXFileReference; lastKnownFileType = sourcecode.swift; path = PreworkUITests.swift; sourceTree = "<group>"; };
		0590BC4B27A1D7A80067EFED /* PreworkUITestsLaunchTests.swift */ = {isa = PBXFileReference; lastKnownFileType = sourcecode.swift; path = PreworkUITestsLaunchTests.swift; sourceTree = "<group>"; };
/* End PBXFileReference section */

/* Begin PBXFrameworksBuildPhase section */
		0590BC2227A1D7A50067EFED /* Frameworks */ = {
			isa = PBXFrameworksBuildPhase;
			buildActionMask = 2147483647;
			files = (
			);
			runOnlyForDeploymentPostprocessing = 0;
		};
		0590BC3827A1D7A80067EFED /* Frameworks */ = {
			isa = PBXFrameworksBuildPhase;
			buildActionMask = 2147483647;
			files = (
			);
			runOnlyForDeploymentPostprocessing = 0;
		};
		0590BC4227A1D7A80067EFED /* Frameworks */ = {
			isa = PBXFrameworksBuildPhase;
			buildActionMask = 2147483647;
			files = (
			);
			runOnlyForDeploymentPostprocessing = 0;
		};
/* End PBXFrameworksBuildPhase section */

/* Begin PBXGroup section */
		0590BC1C27A1D7A50067EFED = {
			isa = PBXGroup;
			children = (
				0590BC2727A1D7A50067EFED /* Prework */,
				0590BC3E27A1D7A80067EFED /* PreworkTests */,
				0590BC4827A1D7A80067EFED /* PreworkUITests */,
				0590BC2627A1D7A50067EFED /* Products */,
			);
			sourceTree = "<group>";
		};
		0590BC2627A1D7A50067EFED /* Products */ = {
			isa = PBXGroup;
			children = (
				0590BC2527A1D7A50067EFED /* Prework.app */,
				0590BC3B27A1D7A80067EFED /* PreworkTests.xctest */,
				0590BC4527A1D7A80067EFED /* PreworkUITests.xctest */,
			);
			name = Products;
			sourceTree = "<group>";
		};
		0590BC2727A1D7A50067EFED /* Prework */ = {
			isa = PBXGroup;
			children = (
				0590BC2827A1D7A50067EFED /* AppDelegate.swift */,
				0590BC2A27A1D7A50067EFED /* SceneDelegate.swift */,
				0590BC2C27A1D7A50067EFED /* ViewController.swift */,
				0590BC2E27A1D7A50067EFED /* Main.storyboard */,
				0590BC3127A1D7A70067EFED /* Assets.xcassets */,
				0590BC3327A1D7A70067EFED /* LaunchScreen.storyboard */,
				0590BC3627A1D7A70067EFED /* Info.plist */,
			);
			path = Prework;
			sourceTree = "<group>";
		};
		0590BC3E27A1D7A80067EFED /* PreworkTests */ = {
			isa = PBXGroup;
			children = (
				0590BC3F27A1D7A80067EFED /* PreworkTests.swift */,
			);
			path = PreworkTests;
			sourceTree = "<group>";
		};
		0590BC4827A1D7A80067EFED /* PreworkUITests */ = {
			isa = PBXGroup;
			children = (
				0590BC4927A1D7A80067EFED /* PreworkUITests.swift */,
				0590BC4B27A1D7A80067EFED /* PreworkUITestsLaunchTests.swift */,
			);
			path = PreworkUITests;
			sourceTree = "<group>";
		};
/* End PBXGroup section */

/* Begin PBXNativeTarget section */
		0590BC2427A1D7A50067EFED /* Prework */ = {
			isa = PBXNativeTarget;
			buildConfigurationList = 0590BC4F27A1D7A80067EFED /* Build configuration list for PBXNativeTarget "Prework" */;
			buildPhases = (
				0590BC2127A1D7A50067EFED /* Sources */,
				0590BC2227A1D7A50067EFED /* Frameworks */,
				0590BC2327A1D7A50067EFED /* Resources */,
			);
			buildRules = (
			);
			dependencies = (
			);
			name = Prework;
			productName = Prework;
			productReference = 0590BC2527A1D7A50067EFED /* Prework.app */;
			productType = "com.apple.product-type.application";
		};
		0590BC3A27A1D7A80067EFED /* PreworkTests */ = {
			isa = PBXNativeTarget;
			buildConfigurationList = 0590BC5227A1D7A80067EFED /* Build configuration list for PBXNativeTarget "PreworkTests" */;
			buildPhases = (
				0590BC3727A1D7A80067EFED /* Sources */,
				0590BC3827A1D7A80067EFED /* Frameworks */,
				0590BC3927A1D7A80067EFED /* Resources */,
			);
			buildRules = (
			);
			dependencies = (
				0590BC3D27A1D7A80067EFED /* PBXTargetDependency */,
			);
			name = PreworkTests;
			productName = PreworkTests;
			productReference = 0590BC3B27A1D7A80067EFED /* PreworkTests.xctest */;
			productType = "com.apple.product-type.bundle.unit-test";
		};
		0590BC4427A1D7A80067EFED /* PreworkUITests */ = {
			isa = PBXNativeTarget;
			buildConfigurationList = 0590BC5527A1D7A80067EFED /* Build configuration list for PBXNativeTarget "PreworkUITests" */;
			buildPhases = (
				0590BC4127A1D7A80067EFED /* Sources */,
				0590BC4227A1D7A80067EFED /* Frameworks */,
				0590BC4327A1D7A80067EFED /* Resources */,
			);
			buildRules = (
			);
			dependencies = (
				0590BC4727A1D7A80067EFED /* PBXTargetDependency */,
			);
			name = PreworkUITests;
			productName = PreworkUITests;
			productReference = 0590BC4527A1D7A80067EFED /* PreworkUITests.xctest */;
			productType = "com.apple.product-type.bundle.ui-testing";
		};
/* End PBXNativeTarget section */

/* Begin PBXProject section */
		0590BC1D27A1D7A50067EFED /* Project object */ = {
			isa = PBXProject;
			attributes = {
				BuildIndependentTargetsInParallel = 1;
				LastSwiftUpdateCheck = 1320;
				LastUpgradeCheck = 1320;
				TargetAttributes = {
					0590BC2427A1D7A50067EFED = {
						CreatedOnToolsVersion = 13.2.1;
					};
					0590BC3A27A1D7A80067EFED = {
						CreatedOnToolsVersion = 13.2.1;
						TestTargetID = 0590BC2427A1D7A50067EFED;
					};
					0590BC4427A1D7A80067EFED = {
						CreatedOnToolsVersion = 13.2.1;
						TestTargetID = 0590BC2427A1D7A50067EFED;
					};
				};
			};
			buildConfigurationList = 0590BC2027A1D7A50067EFED /* Build configuration list for PBXProject "Prework" */;
			compatibilityVersion = "Xcode 13.0";
			developmentRegion = en;
			hasScannedForEncodings = 0;
			knownRegions = (
				en,
				Base,
			);
			mainGroup = 0590BC1C27A1D7A50067EFED;
			productRefGroup = 0590BC2627A1D7A50067EFED /* Products */;
			projectDirPath = "";
			projectRoot = "";
			targets = (
				0590BC2427A1D7A50067EFED /* Prework */,
				0590BC3A27A1D7A80067EFED /* PreworkTests */,
				0590BC4427A1D7A80067EFED /* PreworkUITests */,
			);
		};
/* End PBXProject section */

/* Begin PBXResourcesBuildPhase section */
		0590BC2327A1D7A50067EFED /* Resources */ = {
			isa = PBXResourcesBuildPhase;
			buildActionMask = 2147483647;
			files = (
				0590BC3527A1D7A70067EFED /* LaunchScreen.storyboard in Resources */,
				0590BC3227A1D7A70067EFED /* Assets.xcassets in Resources */,
				0590BC3027A1D7A50067EFED /* Main.storyboard in Resources */,
			);
			runOnlyForDeploymentPostprocessing = 0;
		};
		0590BC3927A1D7A80067EFED /* Resources */ = {
			isa = PBXResourcesBuildPhase;
			buildActionMask = 2147483647;
			files = (
			);
			runOnlyForDeploymentPostprocessing = 0;
		};
		0590BC4327A1D7A80067EFED /* Resources */ = {
			isa = PBXResourcesBuildPhase;
			buildActionMask = 2147483647;
			files = (
			);
			runOnlyForDeploymentPostprocessing = 0;
		};
/* End PBXResourcesBuildPhase section */

/* Begin PBXSourcesBuildPhase section */
		0590BC2127A1D7A50067EFED /* Sources */ = {
			isa = PBXSourcesBuildPhase;
			buildActionMask = 2147483647;
			files = (
				0590BC2D27A1D7A50067EFED /* ViewController.swift in Sources */,
				0590BC2927A1D7A50067EFED /* AppDelegate.swift in Sources */,
				0590BC2B27A1D7A50067EFED /* SceneDelegate.swift in Sources */,
			);
			runOnlyForDeploymentPostprocessing = 0;
		};
		0590BC3727A1D7A80067EFED /* Sources */ = {
			isa = PBXSourcesBuildPhase;
			buildActionMask = 2147483647;
			files = (
				0590BC4027A1D7A80067EFED /* PreworkTests.swift in Sources */,
			);
			runOnlyForDeploymentPostprocessing = 0;
		};
		0590BC4127A1D7A80067EFED /* Sources */ = {
			isa = PBXSourcesBuildPhase;
			buildActionMask = 2147483647;
			files = (
				0590BC4A27A1D7A80067EFED /* PreworkUITests.swift in Sources */,
				0590BC4C27A1D7A80067EFED /* PreworkUITestsLaunchTests.swift in Sources */,
			);
			runOnlyForDeploymentPostprocessing = 0;
		};
/* End PBXSourcesBuildPhase section */

/* Begin PBXTargetDependency section */
		0590BC3D27A1D7A80067EFED /* PBXTargetDependency */ = {
			isa = PBXTargetDependency;
			target = 0590BC2427A1D7A50067EFED /* Prework */;
			targetProxy = 0590BC3C27A1D7A80067EFED /* PBXContainerItemProxy */;
		};
		0590BC4727A1D7A80067EFED /* PBXTargetDependency */ = {
			isa = PBXTargetDependency;
			target = 0590BC2427A1D7A50067EFED /* Prework */;
			targetProxy = 0590BC4627A1D7A80067EFED /* PBXContainerItemProxy */;
		};
/* End PBXTargetDependency section */

/* Begin PBXVariantGroup section */
		0590BC2E27A1D7A50067EFED /* Main.storyboard */ = {
			isa = PBXVariantGroup;
			children = (
				0590BC2F27A1D7A50067EFED /* Base */,
			);
			name = Main.storyboard;
			sourceTree = "<group>";
		};
		0590BC3327A1D7A70067EFED /* LaunchScreen.storyboard */ = {
			isa = PBXVariantGroup;
			children = (
				0590BC3427A1D7A70067EFED /* Base */,
			);
			name = LaunchScreen.storyboard;
			sourceTree = "<group>";
		};
/* End PBXVariantGroup section */

/* Begin XCBuildConfiguration section */
		0590BC4D27A1D7A80067EFED /* Debug */ = {
			isa = XCBuildConfiguration;
			buildSettings = {
				ALWAYS_SEARCH_USER_PATHS = NO;
				CLANG_ANALYZER_NONNULL = YES;
				CLANG_ANALYZER_NUMBER_OBJECT_CONVERSION = YES_AGGRESSIVE;
				CLANG_CXX_LANGUAGE_STANDARD = "gnu++17";
				CLANG_CXX_LIBRARY = "libc++";
				CLANG_ENABLE_MODULES = YES;
				CLANG_ENABLE_OBJC_ARC = YES;
				CLANG_ENABLE_OBJC_WEAK = YES;
				CLANG_WARN_BLOCK_CAPTURE_AUTORELEASING = YES;
				CLANG_WARN_BOOL_CONVERSION = YES;
				CLANG_WARN_COMMA = YES;
				CLANG_WARN_CONSTANT_CONVERSION = YES;
				CLANG_WARN_DEPRECATED_OBJC_IMPLEMENTATIONS = YES;
				CLANG_WARN_DIRECT_OBJC_ISA_USAGE = YES_ERROR;
				CLANG_WARN_DOCUMENTATION_COMMENTS = YES;
				CLANG_WARN_EMPTY_BODY = YES;
				CLANG_WARN_ENUM_CONVERSION = YES;
				CLANG_WARN_INFINITE_RECURSION = YES;
				CLANG_WARN_INT_CONVERSION = YES;
				CLANG_WARN_NON_LITERAL_NULL_CONVERSION = YES;
				CLANG_WARN_OBJC_IMPLICIT_RETAIN_SELF = YES;
				CLANG_WARN_OBJC_LITERAL_CONVERSION = YES;
				CLANG_WARN_OBJC_ROOT_CLASS = YES_ERROR;
				CLANG_WARN_QUOTED_INCLUDE_IN_FRAMEWORK_HEADER = YES;
				CLANG_WARN_RANGE_LOOP_ANALYSIS = YES;
				CLANG_WARN_STRICT_PROTOTYPES = YES;
				CLANG_WARN_SUSPICIOUS_MOVE = YES;
				CLANG_WARN_UNGUARDED_AVAILABILITY = YES_AGGRESSIVE;
				CLANG_WARN_UNREACHABLE_CODE = YES;
				CLANG_WARN__DUPLICATE_METHOD_MATCH = YES;
				COPY_PHASE_STRIP = NO;
				DEBUG_INFORMATION_FORMAT = dwarf;
				ENABLE_STRICT_OBJC_MSGSEND = YES;
				ENABLE_TESTABILITY = YES;
				GCC_C_LANGUAGE_STANDARD = gnu11;
				GCC_DYNAMIC_NO_PIC = NO;
				GCC_NO_COMMON_BLOCKS = YES;
				GCC_OPTIMIZATION_LEVEL = 0;
				GCC_PREPROCESSOR_DEFINITIONS = (
					"DEBUG=1",
					"$(inherited)",
				);
				GCC_WARN_64_TO_32_BIT_CONVERSION = YES;
				GCC_WARN_ABOUT_RETURN_TYPE = YES_ERROR;
				GCC_WARN_UNDECLARED_SELECTOR = YES;
				GCC_WARN_UNINITIALIZED_AUTOS = YES_AGGRESSIVE;
				GCC_WARN_UNUSED_FUNCTION = YES;
				GCC_WARN_UNUSED_VARIABLE = YES;
				IPHONEOS_DEPLOYMENT_TARGET = 15.2;
				MTL_ENABLE_DEBUG_INFO = INCLUDE_SOURCE;
				MTL_FAST_MATH = YES;
				ONLY_ACTIVE_ARCH = YES;
				SDKROOT = iphoneos;
				SWIFT_ACTIVE_COMPILATION_CONDITIONS = DEBUG;
				SWIFT_OPTIMIZATION_LEVEL = "-Onone";
			};
			name = Debug;
		};
		0590BC4E27A1D7A80067EFED /* Release */ = {
			isa = XCBuildConfiguration;
			buildSettings = {
				ALWAYS_SEARCH_USER_PATHS = NO;
				CLANG_ANALYZER_NONNULL = YES;
				CLANG_ANALYZER_NUMBER_OBJECT_CONVERSION = YES_AGGRESSIVE;
				CLANG_CXX_LANGUAGE_STANDARD = "gnu++17";
				CLANG_CXX_LIBRARY = "libc++";
				CLANG_ENABLE_MODULES = YES;
				CLANG_ENABLE_OBJC_ARC = YES;
				CLANG_ENABLE_OBJC_WEAK = YES;
				CLANG_WARN_BLOCK_CAPTURE_AUTORELEASING = YES;
				CLANG_WARN_BOOL_CONVERSION = YES;
				CLANG_WARN_COMMA = YES;
				CLANG_WARN_CONSTANT_CONVERSION = YES;
				CLANG_WARN_DEPRECATED_OBJC_IMPLEMENTATIONS = YES;
				CLANG_WARN_DIRECT_OBJC_ISA_USAGE = YES_ERROR;
				CLANG_WARN_DOCUMENTATION_COMMENTS = YES;
				CLANG_WARN_EMPTY_BODY = YES;
				CLANG_WARN_ENUM_CONVERSION = YES;
				CLANG_WARN_INFINITE_RECURSION = YES;
				CLANG_WARN_INT_CONVERSION = YES;
				CLANG_WARN_NON_LITERAL_NULL_CONVERSION = YES;
				CLANG_WARN_OBJC_IMPLICIT_RETAIN_SELF = YES;
				CLANG_WARN_OBJC_LITERAL_CONVERSION = YES;
				CLANG_WARN_OBJC_ROOT_CLASS = YES_ERROR;
				CLANG_WARN_QUOTED_INCLUDE_IN_FRAMEWORK_HEADER = YES;
				CLANG_WARN_RANGE_LOOP_ANALYSIS = YES;
				CLANG_WARN_STRICT_PROTOTYPES = YES;
				CLANG_WARN_SUSPICIOUS_MOVE = YES;
				CLANG_WARN_UNGUARDED_AVAILABILITY = YES_AGGRESSIVE;
				CLANG_WARN_UNREACHABLE_CODE = YES;
				CLANG_WARN__DUPLICATE_METHOD_MATCH = YES;
				COPY_PHASE_STRIP = NO;
				DEBUG_INFORMATION_FORMAT = "dwarf-with-dsym";
				ENABLE_NS_ASSERTIONS = NO;
				ENABLE_STRICT_OBJC_MSGSEND = YES;
				GCC_C_LANGUAGE_STANDARD = gnu11;
				GCC_NO_COMMON_BLOCKS = YES;
				GCC_WARN_64_TO_32_BIT_CONVERSION = YES;
				GCC_WARN_ABOUT_RETURN_TYPE = YES_ERROR;
				GCC_WARN_UNDECLARED_SELECTOR = YES;
				GCC_WARN_UNINITIALIZED_AUTOS = YES_AGGRESSIVE;
				GCC_WARN_UNUSED_FUNCTION = YES;
				GCC_WARN_UNUSED_VARIABLE = YES;
				IPHONEOS_DEPLOYMENT_TARGET = 15.2;
				MTL_ENABLE_DEBUG_INFO = NO;
				MTL_FAST_MATH = YES;
				SDKROOT = iphoneos;
				SWIFT_COMPILATION_MODE = wholemodule;
				SWIFT_OPTIMIZATION_LEVEL = "-O";
				VALIDATE_PRODUCT = YES;
			};
			name = Release;
		};
		0590BC5027A1D7A80067EFED /* Debug */ = {
			isa = XCBuildConfiguration;
			buildSettings = {
				ASSETCATALOG_COMPILER_APPICON_NAME = AppIcon;
				ASSETCATALOG_COMPILER_GLOBAL_ACCENT_COLOR_NAME = AccentColor;
				CODE_SIGN_STYLE = Automatic;
				CURRENT_PROJECT_VERSION = 1;
				DEVELOPMENT_TEAM = 36AR22EDDA;
				GENERATE_INFOPLIST_FILE = YES;
				INFOPLIST_FILE = Prework/Info.plist;
				INFOPLIST_KEY_UIApplicationSupportsIndirectInputEvents = YES;
				INFOPLIST_KEY_UILaunchStoryboardName = LaunchScreen;
				INFOPLIST_KEY_UIMainStoryboardFile = Main;
				INFOPLIST_KEY_UISupportedInterfaceOrientations_iPad = "UIInterfaceOrientationPortrait UIInterfaceOrientationPortraitUpsideDown UIInterfaceOrientationLandscapeLeft UIInterfaceOrientationLandscapeRight";
				INFOPLIST_KEY_UISupportedInterfaceOrientations_iPhone = "UIInterfaceOrientationPortrait UIInterfaceOrientationLandscapeLeft UIInterfaceOrientationLandscapeRight";
				LD_RUNPATH_SEARCH_PATHS = (
					"$(inherited)",
					"@executable_path/Frameworks",
				);
				MARKETING_VERSION = 1.0;
				PRODUCT_BUNDLE_IDENTIFIER = yFarinango.Prework;
				PRODUCT_NAME = "$(TARGET_NAME)";
				SWIFT_EMIT_LOC_STRINGS = YES;
				SWIFT_VERSION = 5.0;
				TARGETED_DEVICE_FAMILY = "1,2";
			};
			name = Debug;
		};
		0590BC5127A1D7A80067EFED /* Release */ = {
			isa = XCBuildConfiguration;
			buildSettings = {
				ASSETCATALOG_COMPILER_APPICON_NAME = AppIcon;
				ASSETCATALOG_COMPILER_GLOBAL_ACCENT_COLOR_NAME = AccentColor;
				CODE_SIGN_STYLE = Automatic;
				CURRENT_PROJECT_VERSION = 1;
				DEVELOPMENT_TEAM = 36AR22EDDA;
				GENERATE_INFOPLIST_FILE = YES;
				INFOPLIST_FILE = Prework/Info.plist;
				INFOPLIST_KEY_UIApplicationSupportsIndirectInputEvents = YES;
				INFOPLIST_KEY_UILaunchStoryboardName = LaunchScreen;
				INFOPLIST_KEY_UIMainStoryboardFile = Main;
				INFOPLIST_KEY_UISupportedInterfaceOrientations_iPad = "UIInterfaceOrientationPortrait UIInterfaceOrientationPortraitUpsideDown UIInterfaceOrientationLandscapeLeft UIInterfaceOrientationLandscapeRight";
				INFOPLIST_KEY_UISupportedInterfaceOrientations_iPhone = "UIInterfaceOrientationPortrait UIInterfaceOrientationLandscapeLeft UIInterfaceOrientationLandscapeRight";
				LD_RUNPATH_SEARCH_PATHS = (
					"$(inherited)",
					"@executable_path/Frameworks",
				);
				MARKETING_VERSION = 1.0;
				PRODUCT_BUNDLE_IDENTIFIER = yFarinango.Prework;
				PRODUCT_NAME = "$(TARGET_NAME)";
				SWIFT_EMIT_LOC_STRINGS = YES;
				SWIFT_VERSION = 5.0;
				TARGETED_DEVICE_FAMILY = "1,2";
			};
			name = Release;
		};
		0590BC5327A1D7A80067EFED /* Debug */ = {
			isa = XCBuildConfiguration;
			buildSettings = {
				ALWAYS_EMBED_SWIFT_STANDARD_LIBRARIES = YES;
				BUNDLE_LOADER = "$(TEST_HOST)";
				CODE_SIGN_STYLE = Automatic;
				CURRENT_PROJECT_VERSION = 1;
				GENERATE_INFOPLIST_FILE = YES;
				IPHONEOS_DEPLOYMENT_TARGET = 15.2;
				MARKETING_VERSION = 1.0;
				PRODUCT_BUNDLE_IDENTIFIER = yFarinango.PreworkTests;
				PRODUCT_NAME = "$(TARGET_NAME)";
				SWIFT_EMIT_LOC_STRINGS = NO;
				SWIFT_VERSION = 5.0;
				TARGETED_DEVICE_FAMILY = "1,2";
				TEST_HOST = "$(BUILT_PRODUCTS_DIR)/Prework.app/Prework";
			};
			name = Debug;
		};
		0590BC5427A1D7A80067EFED /* Release */ = {
			isa = XCBuildConfiguration;
			buildSettings = {
				ALWAYS_EMBED_SWIFT_STANDARD_LIBRARIES = YES;
				BUNDLE_LOADER = "$(TEST_HOST)";
				CODE_SIGN_STYLE = Automatic;
				CURRENT_PROJECT_VERSION = 1;
				GENERATE_INFOPLIST_FILE = YES;
				IPHONEOS_DEPLOYMENT_TARGET = 15.2;
				MARKETING_VERSION = 1.0;
				PRODUCT_BUNDLE_IDENTIFIER = yFarinango.PreworkTests;
				PRODUCT_NAME = "$(TARGET_NAME)";
				SWIFT_EMIT_LOC_STRINGS = NO;
				SWIFT_VERSION = 5.0;
				TARGETED_DEVICE_FAMILY = "1,2";
				TEST_HOST = "$(BUILT_PRODUCTS_DIR)/Prework.app/Prework";
			};
			name = Release;
		};
		0590BC5627A1D7A80067EFED /* Debug */ = {
			isa = XCBuildConfiguration;
			buildSettings = {
				ALWAYS_EMBED_SWIFT_STANDARD_LIBRARIES = YES;
				CODE_SIGN_STYLE = Automatic;
				CURRENT_PROJECT_VERSION = 1;
				GENERATE_INFOPLIST_FILE = YES;
				MARKETING_VERSION = 1.0;
				PRODUCT_BUNDLE_IDENTIFIER = yFarinango.PreworkUITests;
				PRODUCT_NAME = "$(TARGET_NAME)";
				SWIFT_EMIT_LOC_STRINGS = NO;
				SWIFT_VERSION = 5.0;
				TARGETED_DEVICE_FAMILY = "1,2";
				TEST_TARGET_NAME = Prework;
			};
			name = Debug;
		};
		0590BC5727A1D7A80067EFED /* Release */ = {
			isa = XCBuildConfiguration;
			buildSettings = {
				ALWAYS_EMBED_SWIFT_STANDARD_LIBRARIES = YES;
				CODE_SIGN_STYLE = Automatic;
				CURRENT_PROJECT_VERSION = 1;
				GENERATE_INFOPLIST_FILE = YES;
				MARKETING_VERSION = 1.0;
				PRODUCT_BUNDLE_IDENTIFIER = yFarinango.PreworkUITests;
				PRODUCT_NAME = "$(TARGET_NAME)";
				SWIFT_EMIT_LOC_STRINGS = NO;
				SWIFT_VERSION = 5.0;
				TARGETED_DEVICE_FAMILY = "1,2";
				TEST_TARGET_NAME = Prework;
			};
			name = Release;
		};
/* End XCBuildConfiguration section */

/* Begin XCConfigurationList section */
		0590BC2027A1D7A50067EFED /* Build configuration list for PBXProject "Prework" */ = {
			isa = XCConfigurationList;
			buildConfigurations = (
				0590BC4D27A1D7A80067EFED /* Debug */,
				0590BC4E27A1D7A80067EFED /* Release */,
			);
			defaultConfigurationIsVisible = 0;
			defaultConfigurationName = Release;
		};
		0590BC4F27A1D7A80067EFED /* Build configuration list for PBXNativeTarget "Prework" */ = {
			isa = XCConfigurationList;
			buildConfigurations = (
				0590BC5027A1D7A80067EFED /* Debug */,
				0590BC5127A1D7A80067EFED /* Release */,
			);
			defaultConfigurationIsVisible = 0;
			defaultConfigurationName = Release;
		};
		0590BC5227A1D7A80067EFED /* Build configuration list for PBXNativeTarget "PreworkTests" */ = {
			isa = XCConfigurationList;
			buildConfigurations = (
				0590BC5327A1D7A80067EFED /* Debug */,
				0590BC5427A1D7A80067EFED /* Release */,
			);
			defaultConfigurationIsVisible = 0;
			defaultConfigurationName = Release;
		};
		0590BC5527A1D7A80067EFED /* Build configuration list for PBXNativeTarget "PreworkUITests" */ = {
			isa = XCConfigurationList;
			buildConfigurations = (
				0590BC5627A1D7A80067EFED /* Debug */,
				0590BC5727A1D7A80067EFED /* Release */,
			);
			defaultConfigurationIsVisible = 0;
			defaultConfigurationName = Release;
		};
/* End XCConfigurationList section */
	};
	rootObject = 0590BC1D27A1D7A50067EFED /* Project object */;
}
